<?xml version="1.0" encoding="utf-8"?>
<Project ToolsVersion="4.0" xmlns="http://schemas.microsoft.com/developer/msbuild/2003">
  <ItemGroup>
    <Filter Include="源文件">
      <UniqueIdentifier>{4FC737F1-C7A5-4376-A066-2A32D752A2FF}</UniqueIdentifier>
      <Extensions>cpp;c;cc;cxx;c++;cppm;ixx;def;odl;idl;hpj;bat;asm;asmx</Extensions>
    </Filter>
    <Filter Include="头文件">
      <UniqueIdentifier>{93995380-89BD-4b04-88EB-625FBE52EBFB}</UniqueIdentifier>
      <Extensions>h;hh;hpp;hxx;h++;hm;inl;inc;ipp;xsd</Extensions>
    </Filter>
    <Filter Include="资源文件">
      <UniqueIdentifier>{67DA6AB6-F800-4c08-8B7A-83BB121AAD01}</UniqueIdentifier>
      <Extensions>rc;ico;cur;bmp;dlg;rc2;rct;bin;rgs;gif;jpg;jpeg;jpe;resx;tiff;tif;png;wav;mfcribbon-ms</Extensions>
    </Filter>
    <Filter Include="ConfigFile">
      <UniqueIdentifier>{627b4282-a60b-4f34-b7c9-bef348ff1b43}</UniqueIdentifier>
    </Filter>
    <Filter Include="device">
      <UniqueIdentifier>{8df2516c-56f1-4baf-b05d-a607c3a9c97c}</UniqueIdentifier>
    </Filter>
    <Filter Include="tools">
      <UniqueIdentifier>{bfe51a7f-46e6-4eed-b560-652b8b02b0be}</UniqueIdentifier>
    </Filter>
    <Filter Include="mySipServer">
      <UniqueIdentifier>{6ec43b8d-1583-45ca-b751-34623a343b94}</UniqueIdentifier>
    </Filter>
    <Filter Include="localMediaServer">
      <UniqueIdentifier>{621ba35e-c7e8-4603-9479-c284f08c209c}</UniqueIdentifier>
    </Filter>
    <Filter Include="config">
      <UniqueIdentifier>{3d94e7e9-729f-4b90-bc47-328180a67de8}</UniqueIdentifier>
    </Filter>
    <Filter Include="session">
      <UniqueIdentifier>{bb8fae40-8e62-4a0d-8ee2-6b97a940c54b}</UniqueIdentifier>
    </Filter>
    <Filter Include="SqlDbManager">
      <UniqueIdentifier>{ec10a54a-26ac-4fed-a4d5-b3f69dc81249}</UniqueIdentifier>
    </Filter>
    <Filter Include="RegistrarServer">
      <UniqueIdentifier>{66090ed1-ea67-45b7-96da-70e2a0f79d5f}</UniqueIdentifier>
    </Filter>
    <Filter Include="UserAgent">
      <UniqueIdentifier>{f007153f-b985-40c5-943a-1d9c43376c77}</UniqueIdentifier>
    </Filter>
    <Filter Include="media">
      <UniqueIdentifier>{15e489a5-06ba-4a40-b058-3878251b96a0}</UniqueIdentifier>
    </Filter>
    <Filter Include="plugin">
      <UniqueIdentifier>{240bb03b-a537-4629-85d0-eff21b3936e5}</UniqueIdentifier>
    </Filter>
    <Filter Include="deviceMng">
      <UniqueIdentifier>{d3589576-a4d1-474d-b2d5-f9b13bda9911}</UniqueIdentifier>
    </Filter>
  </ItemGroup>
  <ItemGroup>
    <ClCompile Include="main.cpp">
      <Filter>源文件</Filter>
    </ClCompile>
    <ClCompile Include="MySqlDb.cxx">
      <Filter>源文件</Filter>
    </ClCompile>
    <ClCompile Include="SipServer.cpp">
      <Filter>源文件</Filter>
    </ClCompile>
    <ClCompile Include="MsgContentXml.cpp">
      <Filter>源文件</Filter>
    </ClCompile>
    <ClCompile Include="tinyxml2.cpp">
      <Filter>源文件</Filter>
    </ClCompile>
    <ClCompile Include="XmlMsgAnalysis.cpp">
      <Filter>源文件</Filter>
    </ClCompile>
    <ClCompile Include="http.cpp">
      <Filter>源文件</Filter>
    </ClCompile>
    <ClCompile Include="SqliteDb.cpp">
      <Filter>源文件</Filter>
    </ClCompile>
    <ClCompile Include="sqlite3.c">
      <Filter>源文件</Filter>
    </ClCompile>
    <ClCompile Include="mongoose.c">
      <Filter>源文件</Filter>
    </ClCompile>
    <ClCompile Include="SipServerConfig.cpp">
      <Filter>源文件</Filter>
    </ClCompile>
    <ClCompile Include="tools\m_Time.cpp">
      <Filter>tools</Filter>
    </ClCompile>
    <ClCompile Include="device\DeviceChannel.cpp">
      <Filter>device</Filter>
    </ClCompile>
    <ClCompile Include="device\DeviceInfo.cpp">
      <Filter>device</Filter>
    </ClCompile>
    <ClCompile Include="device\DeviceManager.cpp">
      <Filter>device</Filter>
    </ClCompile>
    <ClCompile Include="device\DeviceDbManager.cpp">
      <Filter>device</Filter>
    </ClCompile>
    <ClCompile Include="device\DeviceCacheServerImpl.cpp">
      <Filter>device</Filter>
    </ClCompile>
    <ClCompile Include="tools\genuuid.cpp">
      <Filter>tools</Filter>
    </ClCompile>
    <ClCompile Include="tools\iThreadPool.cpp">
      <Filter>tools</Filter>
    </ClCompile>
    <ClCompile Include="MyB2BSvMgr.cpp">
      <Filter>源文件</Filter>
    </ClCompile>
    <ClCompile Include="tools\any.cpp">
      <Filter>tools</Filter>
    </ClCompile>
    <ClCompile Include="tools\CodeConvert.cpp">
      <Filter>tools</Filter>
    </ClCompile>
    <ClCompile Include="mySipServer\MyClientRegistHandler.cpp">
      <Filter>mySipServer</Filter>
    </ClCompile>
    <ClCompile Include="Ualink.cpp">
      <Filter>源文件</Filter>
    </ClCompile>
    <ClCompile Include="localMediaServer\localMediaServerInterface.cpp">
      <Filter>localMediaServer</Filter>
    </ClCompile>
    <ClCompile Include="localMediaServer\MediaServerItem.cpp">
      <Filter>localMediaServer</Filter>
    </ClCompile>
    <ClCompile Include="localMediaServer\IMediaServerService.cpp">
      <Filter>localMediaServer</Filter>
    </ClCompile>
    <ClCompile Include="tools\ownString.cpp">
      <Filter>tools</Filter>
    </ClCompile>
    <ClCompile Include="localMediaServer\MediaDbManager.cpp">
      <Filter>localMediaServer</Filter>
    </ClCompile>
    <ClCompile Include="device\ParentPlatformDbManager.cpp">
      <Filter>device</Filter>
    </ClCompile>
    <ClCompile Include="RtpPortManager.cpp">
      <Filter>源文件</Filter>
    </ClCompile>
    <ClCompile Include="RegistrarServer\AbstractDb.cxx">
      <Filter>RegistrarServer</Filter>
    </ClCompile>
    <ClCompile Include="RegistrarServer\AccountingCollector.cxx">
      <Filter>RegistrarServer</Filter>
    </ClCompile>
    <ClCompile Include="RegistrarServer\AclStore.cxx">
      <Filter>RegistrarServer</Filter>
    </ClCompile>
    <ClCompile Include="RegistrarServer\BasicWsConnectionValidator.cxx">
      <Filter>RegistrarServer</Filter>
    </ClCompile>
    <ClCompile Include="RegistrarServer\CertificateAuthenticator.cxx">
      <Filter>RegistrarServer</Filter>
    </ClCompile>
    <ClCompile Include="RegistrarServer\ConfigStore.cxx">
      <Filter>RegistrarServer</Filter>
    </ClCompile>
    <ClCompile Include="RegistrarServer\DigestAuthenticator.cxx">
      <Filter>RegistrarServer</Filter>
    </ClCompile>
    <ClCompile Include="RegistrarServer\FilterStore.cxx">
      <Filter>RegistrarServer</Filter>
    </ClCompile>
    <ClCompile Include="RegistrarServer\IsTrustedNode.cxx">
      <Filter>RegistrarServer</Filter>
    </ClCompile>
    <ClCompile Include="RegistrarServer\MyMessageDecorator.cxx">
      <Filter>RegistrarServer</Filter>
    </ClCompile>
    <ClCompile Include="RegistrarServer\PersistentMessageQueue.cxx">
      <Filter>RegistrarServer</Filter>
    </ClCompile>
    <ClCompile Include="RegistrarServer\Processor.cxx">
      <Filter>RegistrarServer</Filter>
    </ClCompile>
    <ClCompile Include="RegistrarServer\ProcessorChain.cxx">
      <Filter>RegistrarServer</Filter>
    </ClCompile>
    <ClCompile Include="RegistrarServer\Proxy.cxx">
      <Filter>RegistrarServer</Filter>
    </ClCompile>
    <ClCompile Include="RegistrarServer\ProxyConfig.cxx">
      <Filter>RegistrarServer</Filter>
    </ClCompile>
    <ClCompile Include="RegistrarServer\RADIUSAuthenticator.cxx">
      <Filter>RegistrarServer</Filter>
    </ClCompile>
    <ClCompile Include="RegistrarServer\RegistRADIUSServerAuthManager.cxx">
      <Filter>RegistrarServer</Filter>
    </ClCompile>
    <ClCompile Include="RegistrarServer\Registrar.cxx">
      <Filter>RegistrarServer</Filter>
    </ClCompile>
    <ClCompile Include="RegistrarServer\RegistrarServerAuthManager.cpp">
      <Filter>RegistrarServer</Filter>
    </ClCompile>
    <ClCompile Include="RegistrarServer\RegistServer.cpp">
      <Filter>RegistrarServer</Filter>
    </ClCompile>
    <ClCompile Include="RegistrarServer\RegistServerAuthenticatorFactory.cpp">
      <Filter>RegistrarServer</Filter>
    </ClCompile>
    <ClCompile Include="RegistrarServer\RegistTlsPeerAuthManager.cxx">
      <Filter>RegistrarServer</Filter>
    </ClCompile>
    <ClCompile Include="RegistrarServer\RequestContext.cxx">
      <Filter>RegistrarServer</Filter>
    </ClCompile>
    <ClCompile Include="RegistrarServer\ResponseContext.cxx">
      <Filter>RegistrarServer</Filter>
    </ClCompile>
    <ClCompile Include="RegistrarServer\RouteStore.cxx">
      <Filter>RegistrarServer</Filter>
    </ClCompile>
    <ClCompile Include="RegistrarServer\RRDecorator.cxx">
      <Filter>RegistrarServer</Filter>
    </ClCompile>
    <ClCompile Include="RegistrarServer\SiloStore.cxx">
      <Filter>RegistrarServer</Filter>
    </ClCompile>
    <ClCompile Include="RegistrarServer\SqlDb.cxx">
      <Filter>RegistrarServer</Filter>
    </ClCompile>
    <ClCompile Include="RegistrarServer\StaticRegStore.cxx">
      <Filter>RegistrarServer</Filter>
    </ClCompile>
    <ClCompile Include="RegistrarServer\Store.cxx">
      <Filter>RegistrarServer</Filter>
    </ClCompile>
    <ClCompile Include="RegistrarServer\Target.cxx">
      <Filter>RegistrarServer</Filter>
    </ClCompile>
    <ClCompile Include="RegistrarServer\TlsPeerIdentityStore.cxx">
      <Filter>RegistrarServer</Filter>
    </ClCompile>
    <ClCompile Include="RegistrarServer\UserAuthGrabber.cxx">
      <Filter>RegistrarServer</Filter>
    </ClCompile>
    <ClCompile Include="RegistrarServer\UserStore.cxx">
      <Filter>RegistrarServer</Filter>
    </ClCompile>
    <ClCompile Include="UserAgent\UaClientCall.cpp">
      <Filter>UserAgent</Filter>
    </ClCompile>
    <ClCompile Include="UserAgent\UaMessageMgr.cpp">
      <Filter>UserAgent</Filter>
    </ClCompile>
    <ClCompile Include="UserAgent\UserAgentMgr.cpp">
      <Filter>UserAgent</Filter>
    </ClCompile>
    <ClCompile Include="media\rtp\receiver_rtp.cpp">
      <Filter>media</Filter>
    </ClCompile>
    <ClCompile Include="media\rtp\send_rtp.cpp">
      <Filter>media</Filter>
    </ClCompile>
    <ClCompile Include="media\ps-file-source.cpp">
      <Filter>media</Filter>
    </ClCompile>
    <ClCompile Include="media\h264-file-reader.cpp">
      <Filter>media</Filter>
    </ClCompile>
    <ClCompile Include="media\rtp-udp-transport.cpp">
      <Filter>media</Filter>
    </ClCompile>
    <ClCompile Include="Plugin\vsk\x86Nvr\jsonSdkInterface.cpp">
      <Filter>plugin</Filter>
    </ClCompile>
    <ClCompile Include="media\avpacket-queue.cpp">
      <Filter>media</Filter>
    </ClCompile>
    <ClCompile Include="media\ffmpeg-file-source.cpp">
      <Filter>media</Filter>
    </ClCompile>
    <ClCompile Include="media\ffmpeg-live-source.cpp">
      <Filter>media</Filter>
    </ClCompile>
    <ClCompile Include="media\h264-file-source.cpp">
      <Filter>media</Filter>
    </ClCompile>
    <ClCompile Include="media\h265-file-reader.cpp">
      <Filter>media</Filter>
    </ClCompile>
    <ClCompile Include="media\h265-file-source.cpp">
      <Filter>media</Filter>
    </ClCompile>
    <ClCompile Include="media\mp4-file-reader.cpp">
      <Filter>media</Filter>
    </ClCompile>
    <ClCompile Include="media\mp4-file-source.cpp">
      <Filter>media</Filter>
    </ClCompile>
    <ClCompile Include="media\pcm-file-source.cpp">
      <Filter>media</Filter>
    </ClCompile>
    <ClCompile Include="media\vod-file-source.cpp">
      <Filter>media</Filter>
    </ClCompile>
    <ClCompile Include="tools\base64.cpp">
      <Filter>tools</Filter>
    </ClCompile>
    <ClCompile Include="tools\ThreadPool.cpp">
      <Filter>tools</Filter>
    </ClCompile>
    <ClCompile Include="tools\lineBuf.cpp">
      <Filter>tools</Filter>
    </ClCompile>
    <ClCompile Include="deviceMng\JsonDevice.cpp">
      <Filter>deviceMng</Filter>
    </ClCompile>
    <ClCompile Include="deviceMng\deviceMng.cpp">
      <Filter>deviceMng</Filter>
    </ClCompile>
    <ClCompile Include="tools\memPool.cpp">
      <Filter>tools</Filter>
    </ClCompile>
    <ClCompile Include="media\MediaMng.cpp">
      <Filter>media</Filter>
    </ClCompile>
    <ClCompile Include="media\MediaStream.cpp">
      <Filter>media</Filter>
    </ClCompile>
    <ClCompile Include="media\mediaIn\JsonStream.cpp">
      <Filter>media</Filter>
    </ClCompile>
  </ItemGroup>
  <ItemGroup>
    <ClInclude Include="MySqlDb.hxx">
      <Filter>头文件</Filter>
    </ClInclude>
    <ClInclude Include="SipServer.h">
      <Filter>头文件</Filter>
    </ClInclude>
    <ClInclude Include="MsgContentXml.h">
      <Filter>头文件</Filter>
    </ClInclude>
    <ClInclude Include="tinyxml2.h">
      <Filter>头文件</Filter>
    </ClInclude>
    <ClInclude Include="uainfo.h">
      <Filter>头文件</Filter>
    </ClInclude>
    <ClInclude Include="XmlMsgAnalysis.h">
      <Filter>头文件</Filter>
    </ClInclude>
    <ClInclude Include="http.h">
      <Filter>头文件</Filter>
    </ClInclude>
    <ClInclude Include="SqliteDb.h">
      <Filter>头文件</Filter>
    </ClInclude>
    <ClInclude Include="sqlite3.h">
      <Filter>头文件</Filter>
    </ClInclude>
    <ClInclude Include="sqlite3ext.h">
      <Filter>头文件</Filter>
    </ClInclude>
    <ClInclude Include="mongoose.h">
      <Filter>头文件</Filter>
    </ClInclude>
    <ClInclude Include="SipServerConfig.h">
      <Filter>头文件</Filter>
    </ClInclude>
    <ClInclude Include="SipExtensionInfo.h">
      <Filter>源文件</Filter>
    </ClInclude>
    <ClInclude Include="tools\m_Time.h">
      <Filter>tools</Filter>
    </ClInclude>
    <ClInclude Include="device\DeviceChannel.h">
      <Filter>device</Filter>
    </ClInclude>
    <ClInclude Include="device\CatalogData.h">
      <Filter>device</Filter>
    </ClInclude>
    <ClInclude Include="device\DeviceInfo.h">
      <Filter>device</Filter>
    </ClInclude>
    <ClInclude Include="device\DeviceManager.h">
      <Filter>device</Filter>
    </ClInclude>
    <ClInclude Include="device\DeviceDbManager.h">
      <Filter>device</Filter>
    </ClInclude>
    <ClInclude Include="device\DeviceCacheServerImpl.h">
      <Filter>device</Filter>
    </ClInclude>
    <ClInclude Include="tools\genuuid.h">
      <Filter>tools</Filter>
    </ClInclude>
    <ClInclude Include="tools\iThreadPool.h">
      <Filter>tools</Filter>
    </ClInclude>
    <ClInclude Include="MyB2BSvMgr.h">
      <Filter>头文件</Filter>
    </ClInclude>
    <ClInclude Include="GBTask.h">
      <Filter>头文件</Filter>
    </ClInclude>
    <ClInclude Include="tools\any.h">
      <Filter>tools</Filter>
    </ClInclude>
    <ClInclude Include="tools\CTask.h">
      <Filter>tools</Filter>
    </ClInclude>
    <ClInclude Include="tools\CodeConvert.h">
      <Filter>tools</Filter>
    </ClInclude>
    <ClInclude Include="mySipServer\MyClientRegistHandler.h">
      <Filter>mySipServer</Filter>
    </ClInclude>
    <ClInclude Include="Ualink.h">
      <Filter>头文件</Filter>
    </ClInclude>
    <ClInclude Include="localMediaServer\localMediaServerInterface.h">
      <Filter>localMediaServer</Filter>
    </ClInclude>
    <ClInclude Include="localMediaServer\MediaServerItem.h">
      <Filter>localMediaServer</Filter>
    </ClInclude>
    <ClInclude Include="localMediaServer\IMediaServerService.h">
      <Filter>localMediaServer</Filter>
    </ClInclude>
    <ClInclude Include="tools\ownString.h">
      <Filter>tools</Filter>
    </ClInclude>
    <ClInclude Include="localMediaServer\ZLMServerConfig.h">
      <Filter>localMediaServer</Filter>
    </ClInclude>
    <ClInclude Include="localMediaServer\SSRCInfo.h">
      <Filter>localMediaServer</Filter>
    </ClInclude>
    <ClInclude Include="localMediaServer\SsrcConfig.h">
      <Filter>localMediaServer</Filter>
    </ClInclude>
    <ClInclude Include="localMediaServer\zlmHttpInterface.h">
      <Filter>localMediaServer</Filter>
    </ClInclude>
    <ClInclude Include="conf\UserSetting.h">
      <Filter>config</Filter>
    </ClInclude>
    <ClInclude Include="sesssion\VideoStreamSessionManager.h">
      <Filter>session</Filter>
    </ClInclude>
    <ClInclude Include="sesssion\SsrcTransaction.h">
      <Filter>session</Filter>
    </ClInclude>
    <ClInclude Include="localMediaServer\ZLMRTPServerFactory.h">
      <Filter>localMediaServer</Filter>
    </ClInclude>
    <ClInclude Include="sesssion\SendRtpItem.h">
      <Filter>session</Filter>
    </ClInclude>
    <ClInclude Include="localMediaServer\MediaDbManager.h">
      <Filter>localMediaServer</Filter>
    </ClInclude>
    <ClInclude Include="device\DeviceInterface.h">
      <Filter>device</Filter>
    </ClInclude>
    <ClInclude Include="localMediaServer\MediaConfig.h">
      <Filter>localMediaServer</Filter>
    </ClInclude>
    <ClInclude Include="device\ParentPlatformDbManager.h">
      <Filter>device</Filter>
    </ClInclude>
    <ClInclude Include="localMediaServer\StreamInfo.h">
      <Filter>localMediaServer</Filter>
    </ClInclude>
    <ClInclude Include="mySipServer\B2BCallManager.h">
      <Filter>mySipServer</Filter>
    </ClInclude>
    <ClInclude Include="RtpPortManager.h">
      <Filter>头文件</Filter>
    </ClInclude>
    <ClInclude Include="RegistrarServer\AbstractDb.hxx">
      <Filter>RegistrarServer</Filter>
    </ClInclude>
    <ClInclude Include="RegistrarServer\AccountingCollector.hxx">
      <Filter>RegistrarServer</Filter>
    </ClInclude>
    <ClInclude Include="RegistrarServer\Ack200DoneMessage.hxx">
      <Filter>RegistrarServer</Filter>
    </ClInclude>
    <ClInclude Include="RegistrarServer\AclStore.hxx">
      <Filter>RegistrarServer</Filter>
    </ClInclude>
    <ClInclude Include="RegistrarServer\AsyncProcessor.hxx">
      <Filter>RegistrarServer</Filter>
    </ClInclude>
    <ClInclude Include="RegistrarServer\AsyncProcessorMessage.hxx">
      <Filter>RegistrarServer</Filter>
    </ClInclude>
    <ClInclude Include="RegistrarServer\AsyncProcessorWorker.hxx">
      <Filter>RegistrarServer</Filter>
    </ClInclude>
    <ClInclude Include="RegistrarServer\AuthenticatorFactory.hxx">
      <Filter>RegistrarServer</Filter>
    </ClInclude>
    <ClInclude Include="RegistrarServer\BasicWsConnectionValidator.hxx">
      <Filter>RegistrarServer</Filter>
    </ClInclude>
    <ClInclude Include="RegistrarServer\BridgeMixer.h">
      <Filter>RegistrarServer</Filter>
    </ClInclude>
    <ClInclude Include="RegistrarServer\CertificateAuthenticator.hxx">
      <Filter>RegistrarServer</Filter>
    </ClInclude>
    <ClInclude Include="RegistrarServer\ConfigStore.hxx">
      <Filter>RegistrarServer</Filter>
    </ClInclude>
    <ClInclude Include="RegistrarServer\ConversationManager.h">
      <Filter>RegistrarServer</Filter>
    </ClInclude>
    <ClInclude Include="RegistrarServer\DigestAuthenticator.hxx">
      <Filter>RegistrarServer</Filter>
    </ClInclude>
    <ClInclude Include="RegistrarServer\FilterStore.hxx">
      <Filter>RegistrarServer</Filter>
    </ClInclude>
    <ClInclude Include="RegistrarServer\ForkControlMessage.hxx">
      <Filter>RegistrarServer</Filter>
    </ClInclude>
    <ClInclude Include="RegistrarServer\HandleTypes.h">
      <Filter>RegistrarServer</Filter>
    </ClInclude>
    <ClInclude Include="RegistrarServer\IsTrustedNode.hxx">
      <Filter>RegistrarServer</Filter>
    </ClInclude>
    <ClInclude Include="RegistrarServer\MediaEvent.h">
      <Filter>RegistrarServer</Filter>
    </ClInclude>
    <ClInclude Include="RegistrarServer\MediaResourceCache.h">
      <Filter>RegistrarServer</Filter>
    </ClInclude>
    <ClInclude Include="RegistrarServer\MyMessageDecorator.hxx">
      <Filter>RegistrarServer</Filter>
    </ClInclude>
    <ClInclude Include="RegistrarServer\PersistentMessageQueue.hxx">
      <Filter>RegistrarServer</Filter>
    </ClInclude>
    <ClInclude Include="RegistrarServer\Processor.hxx">
      <Filter>RegistrarServer</Filter>
    </ClInclude>
    <ClInclude Include="RegistrarServer\ProcessorChain.hxx">
      <Filter>RegistrarServer</Filter>
    </ClInclude>
    <ClInclude Include="RegistrarServer\ProcessorMessage.hxx">
      <Filter>RegistrarServer</Filter>
    </ClInclude>
    <ClInclude Include="RegistrarServer\Proxy.hxx">
      <Filter>RegistrarServer</Filter>
    </ClInclude>
    <ClInclude Include="RegistrarServer\ProxyConfig.hxx">
      <Filter>RegistrarServer</Filter>
    </ClInclude>
    <ClInclude Include="RegistrarServer\RADIUSAuthenticator.hxx">
      <Filter>RegistrarServer</Filter>
    </ClInclude>
    <ClInclude Include="RegistrarServer\RegistRADIUSServerAuthManager.hxx">
      <Filter>RegistrarServer</Filter>
    </ClInclude>
    <ClInclude Include="RegistrarServer\Registrar.hxx">
      <Filter>RegistrarServer</Filter>
    </ClInclude>
    <ClInclude Include="RegistrarServer\RegistrarServerAuthManager.hxx">
      <Filter>RegistrarServer</Filter>
    </ClInclude>
    <ClInclude Include="RegistrarServer\RegistServer.h">
      <Filter>RegistrarServer</Filter>
    </ClInclude>
    <ClInclude Include="RegistrarServer\RegistServerAuthenticatorFactory.hxx">
      <Filter>RegistrarServer</Filter>
    </ClInclude>
    <ClInclude Include="RegistrarServer\RegistTlsPeerAuthManager.hxx">
      <Filter>RegistrarServer</Filter>
    </ClInclude>
    <ClInclude Include="RegistrarServer\RequestContext.hxx">
      <Filter>RegistrarServer</Filter>
    </ClInclude>
    <ClInclude Include="RegistrarServer\ResponseContext.hxx">
      <Filter>RegistrarServer</Filter>
    </ClInclude>
    <ClInclude Include="RegistrarServer\RouteStore.hxx">
      <Filter>RegistrarServer</Filter>
    </ClInclude>
    <ClInclude Include="RegistrarServer\RRDecorator.hxx">
      <Filter>RegistrarServer</Filter>
    </ClInclude>
    <ClInclude Include="RegistrarServer\SiloStore.hxx">
      <Filter>RegistrarServer</Filter>
    </ClInclude>
    <ClInclude Include="RegistrarServer\SqlDb.hxx">
      <Filter>RegistrarServer</Filter>
    </ClInclude>
    <ClInclude Include="RegistrarServer\StaticRegStore.hxx">
      <Filter>RegistrarServer</Filter>
    </ClInclude>
    <ClInclude Include="RegistrarServer\Store.hxx">
      <Filter>RegistrarServer</Filter>
    </ClInclude>
    <ClInclude Include="RegistrarServer\Target.hxx">
      <Filter>RegistrarServer</Filter>
    </ClInclude>
    <ClInclude Include="RegistrarServer\TimerCMessage.hxx">
      <Filter>RegistrarServer</Filter>
    </ClInclude>
    <ClInclude Include="RegistrarServer\TlsPeerIdentityInfo.hxx">
      <Filter>RegistrarServer</Filter>
    </ClInclude>
    <ClInclude Include="RegistrarServer\TlsPeerIdentityStore.hxx">
      <Filter>RegistrarServer</Filter>
    </ClInclude>
    <ClInclude Include="RegistrarServer\UserAuthGrabber.hxx">
      <Filter>RegistrarServer</Filter>
    </ClInclude>
    <ClInclude Include="RegistrarServer\UserInfoMessage.hxx">
      <Filter>RegistrarServer</Filter>
    </ClInclude>
    <ClInclude Include="RegistrarServer\UserStore.hxx">
      <Filter>RegistrarServer</Filter>
    </ClInclude>
    <ClInclude Include="UserAgent\UaClientCall.h">
      <Filter>UserAgent</Filter>
    </ClInclude>
    <ClInclude Include="UserAgent\UaMessageMgr.h">
      <Filter>UserAgent</Filter>
    </ClInclude>
    <ClInclude Include="UserAgent\UserAgentMgr.h">
      <Filter>UserAgent</Filter>
    </ClInclude>
    <ClInclude Include="media\rtp\receiver_rtp.h">
      <Filter>media</Filter>
    </ClInclude>
    <ClInclude Include="media\rtp\send_rtp.h">
      <Filter>media</Filter>
    </ClInclude>
    <ClInclude Include="media\media-source.h">
      <Filter>media</Filter>
    </ClInclude>
    <ClInclude Include="media\ps-file-source.h">
      <Filter>media</Filter>
    </ClInclude>
    <ClInclude Include="media\h264-file-reader.h">
      <Filter>media</Filter>
    </ClInclude>
    <ClInclude Include="media\rtp-tcp-transport.h">
      <Filter>media</Filter>
    </ClInclude>
    <ClInclude Include="media\rtp-udp-transport.h">
      <Filter>media</Filter>
    </ClInclude>
    <ClInclude Include="Plugin\vsk\x86Nvr\jsonSdkInterface.h">
      <Filter>plugin</Filter>
    </ClInclude>
    <ClInclude Include="media\avpacket-queue.h">
      <Filter>media</Filter>
    </ClInclude>
    <ClInclude Include="media\ffmpeg-file-source.h">
      <Filter>media</Filter>
    </ClInclude>
    <ClInclude Include="media\ffmpeg-live-source.h">
      <Filter>media</Filter>
    </ClInclude>
    <ClInclude Include="media\h264-file-source.h">
      <Filter>media</Filter>
    </ClInclude>
    <ClInclude Include="media\h265-file-reader.h">
      <Filter>media</Filter>
    </ClInclude>
    <ClInclude Include="media\h265-file-source.h">
      <Filter>media</Filter>
    </ClInclude>
    <ClInclude Include="media\mp4-file-reader.h">
      <Filter>media</Filter>
    </ClInclude>
    <ClInclude Include="media\mp4-file-source.h">
      <Filter>media</Filter>
    </ClInclude>
    <ClInclude Include="media\pcm-file-source.h">
      <Filter>media</Filter>
    </ClInclude>
    <ClInclude Include="media\vod-file-source.h">
      <Filter>media</Filter>
    </ClInclude>
    <ClInclude Include="tools\base64.h">
      <Filter>tools</Filter>
    </ClInclude>
    <ClInclude Include="tools\ThreadPool.h">
      <Filter>tools</Filter>
    </ClInclude>
    <ClInclude Include="tools\lineBuf.h">
      <Filter>tools</Filter>
    </ClInclude>
    <ClInclude Include="tools\SafeQueue.h">
      <Filter>tools</Filter>
    </ClInclude>
    <ClInclude Include="deviceMng\BaseDevice.h">
      <Filter>deviceMng</Filter>
    </ClInclude>
    <ClInclude Include="deviceMng\JsonDevice.h">
      <Filter>deviceMng</Filter>
    </ClInclude>
    <ClInclude Include="deviceMng\deviceMng.h">
      <Filter>deviceMng</Filter>
    </ClInclude>
    <ClInclude Include="deviceMng\VirtualOrganization.h">
      <Filter>deviceMng</Filter>
    </ClInclude>
    <ClInclude Include="deviceMng\BaseMediaIn.h">
      <Filter>media</Filter>
    </ClInclude>
    <ClInclude Include="tools\memPool.h">
      <Filter>tools</Filter>
    </ClInclude>
    <ClInclude Include="media\mediaIn\Stream.h">
      <Filter>media</Filter>
    </ClInclude>
    <ClInclude Include="media\MediaMng.h">
      <Filter>media</Filter>
    </ClInclude>
    <ClInclude Include="media\MediaStream.h">
      <Filter>media</Filter>
    </ClInclude>
    <ClInclude Include="media\mediaIn\JsonStream.h">
      <Filter>media</Filter>
    </ClInclude>
    <ClInclude Include="tools\unLockQueue.h">
      <Filter>tools</Filter>
    </ClInclude>
    <ClInclude Include="Plugin\PluginInterface.h">
      <Filter>plugin</Filter>
    </ClInclude>
  </ItemGroup>
  <ItemGroup>
    <None Include="repro.config">
      <Filter>ConfigFile</Filter>
    </None>
  </ItemGroup>
</Project>